// !$*UTF8*$!
{
	archiveVersion = 1;
	classes = {
	};
	objectVersion = 46;
	objects = {

/* Begin PBXBuildFile section */
		C87DED0B1D3DE89000CF90BC /* AppDelegate.swift in Sources */ = {isa = PBXBuildFile; fileRef = C87DED0A1D3DE89000CF90BC /* AppDelegate.swift */; };
		C87DED101D3DE89000CF90BC /* Main.storyboard in Resources */ = {isa = PBXBuildFile; fileRef = C87DED0E1D3DE89000CF90BC /* Main.storyboard */; };
		C87DED121D3DE89000CF90BC /* Assets.xcassets in Resources */ = {isa = PBXBuildFile; fileRef = C87DED111D3DE89000CF90BC /* Assets.xcassets */; };
		C87DED151D3DE89000CF90BC /* LaunchScreen.storyboard in Resources */ = {isa = PBXBuildFile; fileRef = C87DED131D3DE89000CF90BC /* LaunchScreen.storyboard */; };
		C87DED1D1D3DEF1400CF90BC /* PokemonViewController.swift in Sources */ = {isa = PBXBuildFile; fileRef = C87DED1C1D3DEF1400CF90BC /* PokemonViewController.swift */; };
		C87DED251D3DF9A800CF90BC /* Pokemon.plist in Resources */ = {isa = PBXBuildFile; fileRef = C87DED241D3DF9A800CF90BC /* Pokemon.plist */; };
		C87DED271D3E10BA00CF90BC /* Pokemon.swift in Sources */ = {isa = PBXBuildFile; fileRef = C87DED261D3E10BA00CF90BC /* Pokemon.swift */; };
		C88C18B21D3F3C4B00ABE030 /* ShowPokemonViewController.swift in Sources */ = {isa = PBXBuildFile; fileRef = C88C18B11D3F3C4B00ABE030 /* ShowPokemonViewController.swift */; };
/* End PBXBuildFile section */

/* Begin PBXFileReference section */
		C87DED071D3DE89000CF90BC /* Pokemon Wiki.app */ = {isa = PBXFileReference; explicitFileType = wrapper.application; includeInIndex = 0; path = "Pokemon Wiki.app"; sourceTree = BUILT_PRODUCTS_DIR; };
		C87DED0A1D3DE89000CF90BC /* AppDelegate.swift */ = {isa = PBXFileReference; lastKnownFileType = sourcecode.swift; path = AppDelegate.swift; sourceTree = "<group>"; };
		C87DED0F1D3DE89000CF90BC /* Base */ = {isa = PBXFileReference; lastKnownFileType = file.storyboard; name = Base; path = Base.lproj/Main.storyboard; sourceTree = "<group>"; };
		C87DED111D3DE89000CF90BC /* Assets.xcassets */ = {isa = PBXFileReference; lastKnownFileType = folder.assetcatalog; path = Assets.xcassets; sourceTree = "<group>"; };
		C87DED141D3DE89000CF90BC /* Base */ = {isa = PBXFileReference; lastKnownFileType = file.storyboard; name = Base; path = Base.lproj/LaunchScreen.storyboard; sourceTree = "<group>"; };
		C87DED161D3DE89000CF90BC /* Info.plist */ = {isa = PBXFileReference; lastKnownFileType = text.plist.xml; path = Info.plist; sourceTree = "<group>"; };
		C87DED1C1D3DEF1400CF90BC /* PokemonViewController.swift */ = {isa = PBXFileReference; fileEncoding = 4; lastKnownFileType = sourcecode.swift; path = PokemonViewController.swift; sourceTree = "<group>"; };
		C87DED241D3DF9A800CF90BC /* Pokemon.plist */ = {isa = PBXFileReference; lastKnownFileType = text.plist; path = Pokemon.plist; sourceTree = "<group>"; };
		C87DED261D3E10BA00CF90BC /* Pokemon.swift */ = {isa = PBXFileReference; fileEncoding = 4; lastKnownFileType = sourcecode.swift; path = Pokemon.swift; sourceTree = "<group>"; };
		C88C18B11D3F3C4B00ABE030 /* ShowPokemonViewController.swift */ = {isa = PBXFileReference; fileEncoding = 4; lastKnownFileType = sourcecode.swift; path = ShowPokemonViewController.swift; sourceTree = "<group>"; };
/* End PBXFileReference section */

/* Begin PBXFrameworksBuildPhase section */
		C87DED041D3DE89000CF90BC /* Frameworks */ = {
			isa = PBXFrameworksBuildPhase;
			buildActionMask = 2147483647;
			files = (
			);
			runOnlyForDeploymentPostprocessing = 0;
		};
/* End PBXFrameworksBuildPhase section */

/* Begin PBXGroup section */
		C87DECFE1D3DE89000CF90BC = {
			isa = PBXGroup;
			children = (
				C87DED091D3DE89000CF90BC /* Pokemon Wiki */,
				C87DED081D3DE89000CF90BC /* Products */,
			);
			sourceTree = "<group>";
		};
		C87DED081D3DE89000CF90BC /* Products */ = {
			isa = PBXGroup;
			children = (
				C87DED071D3DE89000CF90BC /* Pokemon Wiki.app */,
			);
			name = Products;
			sourceTree = "<group>";
		};
		C87DED091D3DE89000CF90BC /* Pokemon Wiki */ = {
			isa = PBXGroup;
			children = (
				C87DED0A1D3DE89000CF90BC /* AppDelegate.swift */,
				C87DED0E1D3DE89000CF90BC /* Main.storyboard */,
				C87DED1C1D3DEF1400CF90BC /* PokemonViewController.swift */,
				C88C18B11D3F3C4B00ABE030 /* ShowPokemonViewController.swift */,
				C87DED111D3DE89000CF90BC /* Assets.xcassets */,
				C87DED261D3E10BA00CF90BC /* Pokemon.swift */,
				C87DED131D3DE89000CF90BC /* LaunchScreen.storyboard */,
				C87DED241D3DF9A800CF90BC /* Pokemon.plist */,
				C87DED161D3DE89000CF90BC /* Info.plist */,
			);
			path = "Pokemon Wiki";
			sourceTree = "<group>";
		};
/* End PBXGroup section */

/* Begin PBXNativeTarget section */
		C87DED061D3DE89000CF90BC /* Pokemon Wiki */ = {
			isa = PBXNativeTarget;
			buildConfigurationList = C87DED191D3DE89000CF90BC /* Build configuration list for PBXNativeTarget "Pokemon Wiki" */;
			buildPhases = (
				C87DED031D3DE89000CF90BC /* Sources */,
				C87DED041D3DE89000CF90BC /* Frameworks */,
				C87DED051D3DE89000CF90BC /* Resources */,
			);
			buildRules = (
			);
			dependencies = (
			);
			name = "Pokemon Wiki";
			productName = "Pokemon Wiki";
			productReference = C87DED071D3DE89000CF90BC /* Pokemon Wiki.app */;
			productType = "com.apple.product-type.application";
		};
/* End PBXNativeTarget section */

/* Begin PBXProject section */
		C87DECFF1D3DE89000CF90BC /* Project object */ = {
			isa = PBXProject;
			attributes = {
				LastSwiftUpdateCheck = 0730;
				LastUpgradeCheck = 0820;
				ORGANIZATIONNAME = "Wilson Ding";
				TargetAttributes = {
					C87DED061D3DE89000CF90BC = {
						CreatedOnToolsVersion = 7.3.1;
						DevelopmentTeam = 585SNYAD83;
						LastSwiftMigration = 0820;
					};
				};
			};
			buildConfigurationList = C87DED021D3DE89000CF90BC /* Build configuration list for PBXProject "Pokemon Wiki" */;
			compatibilityVersion = "Xcode 3.2";
			developmentRegion = English;
			hasScannedForEncodings = 0;
			knownRegions = (
				en,
				Base,
			);
			mainGroup = C87DECFE1D3DE89000CF90BC;
			productRefGroup = C87DED081D3DE89000CF90BC /* Products */;
			projectDirPath = "";
			projectRoot = "";
			targets = (
				C87DED061D3DE89000CF90BC /* Pokemon Wiki */,
			);
		};
/* End PBXProject section */

/* Begin PBXResourcesBuildPhase section */
		C87DED051D3DE89000CF90BC /* Resources */ = {
			isa = PBXResourcesBuildPhase;
			buildActionMask = 2147483647;
			files = (
				C87DED251D3DF9A800CF90BC /* Pokemon.plist in Resources */,
				C87DED151D3DE89000CF90BC /* LaunchScreen.storyboard in Resources */,
				C87DED121D3DE89000CF90BC /* Assets.xcassets in Resources */,
				C87DED101D3DE89000CF90BC /* Main.storyboard in Resources */,
			);
			runOnlyForDeploymentPostprocessing = 0;
		};
/* End PBXResourcesBuildPhase section */

/* Begin PBXSourcesBuildPhase section */
		C87DED031D3DE89000CF90BC /* Sources */ = {
			isa = PBXSourcesBuildPhase;
			buildActionMask = 2147483647;
			files = (
				C87DED1D1D3DEF1400CF90BC /* PokemonViewController.swift in Sources */,
				C87DED0B1D3DE89000CF90BC /* AppDelegate.swift in Sources */,
				C87DED271D3E10BA00CF90BC /* Pokemon.swift in Sources */,
				C88C18B21D3F3C4B00ABE030 /* ShowPokemonViewController.swift in Sources */,
			);
			runOnlyForDeploymentPostprocessing = 0;
		};
/* End PBXSourcesBuildPhase section */

/* Begin PBXVariantGroup section */
		C87DED0E1D3DE89000CF90BC /* Main.storyboard */ = {
			isa = PBXVariantGroup;
			children = (
				C87DED0F1D3DE89000CF90BC /* Base */,
			);
			name = Main.storyboard;
			sourceTree = "<group>";
		};
		C87DED131D3DE89000CF90BC /* LaunchScreen.storyboard */ = {
			isa = PBXVariantGroup;
			children = (
				C87DED141D3DE89000CF90BC /* Base */,
			);
			name = LaunchScreen.storyboard;
			sourceTree = "<group>";
		};
/* End PBXVariantGroup section */

/* Begin XCBuildConfiguration section */
		C87DED171D3DE89000CF90BC /* Debug */ = {
			isa = XCBuildConfiguration;
			buildSettings = {
				ALWAYS_SEARCH_USER_PATHS = NO;
				CLANG_ANALYZER_NONNULL = YES;
				CLANG_CXX_LANGUAGE_STANDARD = "gnu++0x";
				CLANG_CXX_LIBRARY = "libc++";
				CLANG_ENABLE_MODULES = YES;
				CLANG_ENABLE_OBJC_ARC = YES;
				CLANG_WARN_BOOL_CONVERSION = YES;
				CLANG_WARN_CONSTANT_CONVERSION = YES;
				CLANG_WARN_DIRECT_OBJC_ISA_USAGE = YES_ERROR;
				CLANG_WARN_EMPTY_BODY = YES;
				CLANG_WARN_ENUM_CONVERSION = YES;
				CLANG_WARN_INFINITE_RECURSION = YES;
				CLANG_WARN_INT_CONVERSION = YES;
				CLANG_WARN_OBJC_ROOT_CLASS = YES_ERROR;
				CLANG_WARN_SUSPICIOUS_MOVE = YES;
				CLANG_WARN_UNREACHABLE_CODE = YES;
				CLANG_WARN__DUPLICATE_METHOD_MATCH = YES;
				"CODE_SIGN_IDENTITY[sdk=iphoneos*]" = "iPhone Developer";
				COPY_PHASE_STRIP = NO;
				DEBUG_INFORMATION_FORMAT = dwarf;
				ENABLE_STRICT_OBJC_MSGSEND = YES;
				ENABLE_TESTABILITY = YES;
				GCC_C_LANGUAGE_STANDARD = gnu99;
				GCC_DYNAMIC_NO_PIC = NO;
				GCC_NO_COMMON_BLOCKS = YES;
				GCC_OPTIMIZATION_LEVEL = 0;
				GCC_PREPROCESSOR_DEFINITIONS = (
					"DEBUG=1",
					"$(inherited)",
				);
				GCC_WARN_64_TO_32_BIT_CONVERSION = YES;
				GCC_WARN_ABOUT_RETURN_TYPE = YES_ERROR;
				GCC_WARN_UNDECLARED_SELECTOR = YES;
				GCC_WARN_UNINITIALIZED_AUTOS = YES_AGGRESSIVE;
				GCC_WARN_UNUSED_FUNCTION = YES;
				GCC_WARN_UNUSED_VARIABLE = YES;
				IPHONEOS_DEPLOYMENT_TARGET = 9.3;
				MTL_ENABLE_DEBUG_INFO = YES;
				ONLY_ACTIVE_ARCH = YES;
				SDKROOT = iphoneos;
				SWIFT_OPTIMIZATION_LEVEL = "-Onone";
			};
			name = Debug;
		};
		C87DED181D3DE89000CF90BC /* Release */ = {
			isa = XCBuildConfiguration;
			buildSettings = {
				ALWAYS_SEARCH_USER_PATHS = NO;
				CLANG_ANALYZER_NONNULL = YES;
				CLANG_CXX_LANGUAGE_STANDARD = "gnu++0x";
				CLANG_CXX_LIBRARY = "libc++";
				CLANG_ENABLE_MODULES = YES;
				CLANG_ENABLE_OBJC_ARC = YES;
				CLANG_WARN_BOOL_CONVERSION = YES;
				CLANG_WARN_CONSTANT_CONVERSION = YES;
				CLANG_WARN_DIRECT_OBJC_ISA_USAGE = YES_ERROR;
				CLANG_WARN_EMPTY_BODY = YES;
				CLANG_WARN_ENUM_CONVERSION = YES;
				CLANG_WARN_INFINITE_RECURSION = YES;
				CLANG_WARN_INT_CONVERSION = YES;
				CLANG_WARN_OBJC_ROOT_CLASS = YES_ERROR;
				CLANG_WARN_SUSPICIOUS_MOVE = YES;
				CLANG_WARN_UNREACHABLE_CODE = YES;
				CLANG_WARN__DUPLICATE_METHOD_MATCH = YES;
				"CODE_SIGN_IDENTITY[sdk=iphoneos*]" = "iPhone Developer";
				COPY_PHASE_STRIP = NO;
				DEBUG_INFORMATION_FORMAT = "dwarf-with-dsym";
				ENABLE_NS_ASSERTIONS = NO;
				ENABLE_STRICT_OBJC_MSGSEND = YES;
				GCC_C_LANGUAGE_STANDARD = gnu99;
				GCC_NO_COMMON_BLOCKS = YES;
				GCC_WARN_64_TO_32_BIT_CONVERSION = YES;
				GCC_WARN_ABOUT_RETURN_TYPE = YES_ERROR;
				GCC_WARN_UNDECLARED_SELECTOR = YES;
				GCC_WARN_UNINITIALIZED_AUTOS = YES_AGGRESSIVE;
				GCC_WARN_UNUSED_FUNCTION = YES;
				GCC_WARN_UNUSED_VARIABLE = YES;
				IPHONEOS_DEPLOYMENT_TARGET = 9.3;
				MTL_ENABLE_DEBUG_INFO = NO;
				SDKROOT = iphoneos;
				SWIFT_OPTIMIZATION_LEVEL = "-Owholemodule";
				VALIDATE_PRODUCT = YES;
			};
			name = Release;
		};
		C87DED1A1D3DE89000CF90BC /* Debug */ = {
			isa = XCBuildConfiguration;
			buildSettings = {
				ASSETCATALOG_COMPILER_APPICON_NAME = AppIcon;
				INFOPLIST_FILE = "Pokemon Wiki/Info.plist";
				LD_RUNPATH_SEARCH_PATHS = "$(inherited) @executable_path/Frameworks";
				PRODUCT_BUNDLE_IDENTIFIER = "com.wilsonding.Pokemon-Wiki";
				PRODUCT_NAME = "$(TARGET_NAME)";
				SWIFT_VERSION = 3.0;
			};
			name = Debug;
		};
		C87DED1B1D3DE89000CF90BC /* Release */ = {
			isa = XCBuildConfiguration;
			buildSettings = {
				ASSETCATALOG_COMPILER_APPICON_NAME = AppIcon;
				INFOPLIST_FILE = "Pokemon Wiki/Info.plist";
				LD_RUNPATH_SEARCH_PATHS = "$(inherited) @executable_path/Frameworks";
				PRODUCT_BUNDLE_IDENTIFIER = "com.wilsonding.Pokemon-Wiki";
				PRODUCT_NAME = "$(TARGET_NAME)";
				SWIFT_VERSION = 3.0;
			};
			name = Release;
		};
/* End XCBuildConfiguration section */

/* Begin XCConfigurationList section */
		C87DED021D3DE89000CF90BC /* Build configuration list for PBXProject "Pokemon Wiki" */ = {
			isa = XCConfigurationList;
			buildConfigurations = (
				C87DED171D3DE89000CF90BC /* Debug */,
				C87DED181D3DE89000CF90BC /* Release */,
			);
			defaultConfigurationIsVisible = 0;
			defaultConfigurationName = Release;
		};
		C87DED191D3DE89000CF90BC /* Build configuration list for PBXNativeTarget "Pokemon Wiki" */ = {
			isa = XCConfigurationList;
			buildConfigurations = (
				C87DED1A1D3DE89000CF90BC /* Debug */,
				C87DED1B1D3DE89000CF90BC /* Release */,
			);
			defaultConfigurationIsVisible = 0;
			defaultConfigurationName = Release;
		};
/* End XCConfigurationList section */
	};
	rootObject = C87DECFF1D3DE89000CF90BC /* Project object */;
}
